
Microsoft Visual Studio Solution File, Format Version 12.00
# Visual Studio Version 17
VisualStudioVersion = 17.0.31903.59
MinimumVisualStudioVersion = 10.0.40219.1
Project("{FAE04EC0-301F-11D3-BF4B-00C04F79EFBC}") = "Client", "Client\Client.csproj", "{4CC174AF-6F4F-43BE-A53E-20D0DB2B86B6}"
EndProject
Project("{FAE04EC0-301F-11D3-BF4B-00C04F79EFBC}") = "Server", "Server\Server.csproj", "{77A4755D-5FCC-4F98-9731-2EE6EE3D2BAC}"
EndProject
Global
	GlobalSection(SolutionConfigurationPlatforms) = preSolution
		Debug|Any CPU = Debug|Any CPU
		Release|Any CPU = Release|Any CPU
	EndGlobalSection
	GlobalSection(SolutionProperties) = preSolution
		HideSolutionNode = FALSE
	EndGlobalSection
	GlobalSection(ProjectConfigurationPlatforms) = postSolution
		{4CC174AF-6F4F-43BE-A53E-20D0DB2B86B6}.Debug|Any CPU.ActiveCfg = Debug|Any CPU
		{4CC174AF-6F4F-43BE-A53E-20D0DB2B86B6}.Debug|Any CPU.Build.0 = Debug|Any CPU
		{4CC174AF-6F4F-43BE-A53E-20D0DB2B86B6}.Release|Any CPU.ActiveCfg = Release|Any CPU
		{4CC174AF-6F4F-43BE-A53E-20D0DB2B86B6}.Release|Any CPU.Build.0 = Release|Any CPU
		{77A4755D-5FCC-4F98-9731-2EE6EE3D2BAC}.Debug|Any CPU.ActiveCfg = Debug|Any CPU
		{77A4755D-5FCC-4F98-9731-2EE6EE3D2BAC}.Debug|Any CPU.Build.0 = Debug|Any CPU
		{77A4755D-5FCC-4F98-9731-2EE6EE3D2BAC}.Release|Any CPU.ActiveCfg = Release|Any CPU
		{77A4755D-5FCC-4F98-9731-2EE6EE3D2BAC}.Release|Any CPU.Build.0 = Release|Any CPU
	EndGlobalSection
EndGlobal
